{
  "name": "nodejs-tutorial-http-server",
  "version": "1.0.0",
  "lockfileVersion": 3,
  "requires": true,
  "packages": {
    "": {
      "name": "nodejs-tutorial-http-server",
      "version": "1.0.0",
      "license": "MIT",
      "engines": {
        "node": ">=22.0.0",
        "npm": ">=10.0.0"
      },
      "bin": {},
      "dependencies": {},
      "devDependencies": {},
      "peerDependencies": {},
      "bundledDependencies": [],
      "inBundle": false,
      "hasInstallScript": false
    }
  },
  "dependencies": {}
}